
Microsoft Visual Studio Solution File, Format Version 12.00
# Visual Studio 15
VisualStudioVersion = 15.0.26430.6
MinimumVisualStudioVersion = 10.0.40219.1
Project("{FAE04EC0-301F-11D3-BF4B-00C04F79EFBC}") = "EureK.Device", "EureK.Device\EureK.Device.csproj", "{512B4454-9A0B-49C8-AC1E-B67986AA7BE8}"
EndProject
Project("{FAE04EC0-301F-11D3-BF4B-00C04F79EFBC}") = "EureK.Web", "EureK.Web\EureK.Web.csproj", "{2403A22D-91DE-47F4-8659-EC56C2FD1525}"
EndProject
Project("{FAE04EC0-301F-11D3-BF4B-00C04F79EFBC}") = "TestDeviceSimulation", "TestDeviceSimulation\TestDeviceSimulation.csproj", "{982DDFF9-A7A6-46C6-9C54-1C634740BAFA}"
EndProject
Global
	GlobalSection(SolutionConfigurationPlatforms) = preSolution
		Debug|Any CPU = Debug|Any CPU
		Release|Any CPU = Release|Any CPU
	EndGlobalSection
	GlobalSection(ProjectConfigurationPlatforms) = postSolution
		{512B4454-9A0B-49C8-AC1E-B67986AA7BE8}.Debug|Any CPU.ActiveCfg = Debug|Any CPU
		{512B4454-9A0B-49C8-AC1E-B67986AA7BE8}.Debug|Any CPU.Build.0 = Debug|Any CPU
		{512B4454-9A0B-49C8-AC1E-B67986AA7BE8}.Release|Any CPU.ActiveCfg = Release|Any CPU
		{512B4454-9A0B-49C8-AC1E-B67986AA7BE8}.Release|Any CPU.Build.0 = Release|Any CPU
		{2403A22D-91DE-47F4-8659-EC56C2FD1525}.Debug|Any CPU.ActiveCfg = Debug|Any CPU
		{2403A22D-91DE-47F4-8659-EC56C2FD1525}.Debug|Any CPU.Build.0 = Debug|Any CPU
		{2403A22D-91DE-47F4-8659-EC56C2FD1525}.Release|Any CPU.ActiveCfg = Release|Any CPU
		{2403A22D-91DE-47F4-8659-EC56C2FD1525}.Release|Any CPU.Build.0 = Release|Any CPU
		{982DDFF9-A7A6-46C6-9C54-1C634740BAFA}.Debug|Any CPU.ActiveCfg = Debug|Any CPU
		{982DDFF9-A7A6-46C6-9C54-1C634740BAFA}.Debug|Any CPU.Build.0 = Debug|Any CPU
		{982DDFF9-A7A6-46C6-9C54-1C634740BAFA}.Release|Any CPU.ActiveCfg = Release|Any CPU
		{982DDFF9-A7A6-46C6-9C54-1C634740BAFA}.Release|Any CPU.Build.0 = Release|Any CPU
	EndGlobalSection
	GlobalSection(SolutionProperties) = preSolution
		HideSolutionNode = FALSE
	EndGlobalSection
	GlobalSection(ExtensibilityGlobals) = postSolution
		EnterpriseLibraryConfigurationToolBinariesPathV6 = packages\EnterpriseLibrary.TransientFaultHandling.6.0.1304.0\lib\portable-net45+win+wp8
	EndGlobalSection
EndGlobal
